
Microsoft Visual Studio Solution File, Format Version 12.00
# Visual Studio 15
VisualStudioVersion = 15.0.28307.572
MinimumVisualStudioVersion = 10.0.40219.1
Project("{FAE04EC0-301F-11D3-BF4B-00C04F79EFBC}") = "NorthUow", "NorthUow\NorthUow.csproj", "{9BE7C1BB-1074-4DB6-9871-CF9BC9CD1F59}"
EndProject
Global
	GlobalSection(SolutionConfigurationPlatforms) = preSolution
		Debug|Any CPU = Debug|Any CPU
		Release|Any CPU = Release|Any CPU
	EndGlobalSection
	GlobalSection(ProjectConfigurationPlatforms) = postSolution
		{9BE7C1BB-1074-4DB6-9871-CF9BC9CD1F59}.Debug|Any CPU.ActiveCfg = Debug|Any CPU
		{9BE7C1BB-1074-4DB6-9871-CF9BC9CD1F59}.Debug|Any CPU.Build.0 = Debug|Any CPU
		{9BE7C1BB-1074-4DB6-9871-CF9BC9CD1F59}.Release|Any CPU.ActiveCfg = Release|Any CPU
		{9BE7C1BB-1074-4DB6-9871-CF9BC9CD1F59}.Release|Any CPU.Build.0 = Release|Any CPU
	EndGlobalSection
	GlobalSection(SolutionProperties) = preSolution
		HideSolutionNode = FALSE
	EndGlobalSection
	GlobalSection(ExtensibilityGlobals) = postSolution
		SolutionGuid = {80C340D5-D311-40CA-A13C-5C31F4369286}
	EndGlobalSection
EndGlobal
